# This file is generated by running "yarn install" inside your project.
# Manual changes might be lost - proceed with caution!

__metadata:
  version: 8
  cacheKey: 10c0

"@actions/core@npm:^1.10.0":
  version: 1.11.1
  resolution: "@actions/core@npm:1.11.1"
  dependencies:
    "@actions/exec": "npm:^1.1.1"
    "@actions/http-client": "npm:^2.0.1"
  checksum: 10c0/9aa30b397d8d0dbc74e69fe46b23fb105cab989beb420c57eacbfc51c6804abe8da0f46973ca9f639d532ea4c096d0f4d37da0223fbe94f304fa3c5f53537c30
  languageName: node
  linkType: hard

"@actions/exec@npm:^1.1.1":
  version: 1.1.1
  resolution: "@actions/exec@npm:1.1.1"
  dependencies:
    "@actions/io": "npm:^1.0.1"
  checksum: 10c0/4a09f6bdbe50ce68b5cf8a7254d176230d6a74bccf6ecc3857feee209a8c950ba9adec87cc5ecceb04110182d1c17117234e45557d72fde6229b7fd3a395322a
  languageName: node
  linkType: hard

"@actions/http-client@npm:^2.0.1":
  version: 2.2.3
  resolution: "@actions/http-client@npm:2.2.3"
  dependencies:
    tunnel: "npm:^0.0.6"
    undici: "npm:^5.25.4"
  checksum: 10c0/13141b66a42aa4afd8c50f7479e13a5cdb5084ccb3c73ec48894b8029743389a3d2bf8cdc18e23fb70cd33995740526dd308815613907571e897c3aa1e5eada6
  languageName: node
  linkType: hard

"@actions/io@npm:^1.0.1":
  version: 1.1.3
  resolution: "@actions/io@npm:1.1.3"
  checksum: 10c0/5b8751918e5bf0bebd923ba917fb1c0e294401e7ff0037f32c92a4efa4215550df1f6633c63fd4efb2bdaae8711e69b9e36925857db1f38935ff62a5c92ec29e
  languageName: node
  linkType: hard

"@fastify/busboy@npm:^2.0.0":
  version: 2.1.1
  resolution: "@fastify/busboy@npm:2.1.1"
  checksum: 10c0/6f8027a8cba7f8f7b736718b013f5a38c0476eea67034c94a0d3c375e2b114366ad4419e6a6fa7ffc2ef9c6d3e0435d76dd584a7a1cbac23962fda7650b579e3
  languageName: node
  linkType: hard

"@shikijs/core@npm:3.4.2":
  version: 3.4.2
  resolution: "@shikijs/core@npm:3.4.2"
  dependencies:
    "@shikijs/types": "npm:3.4.2"
    "@shikijs/vscode-textmate": "npm:^10.0.2"
    "@types/hast": "npm:^3.0.4"
    hast-util-to-html: "npm:^9.0.5"
  checksum: 10c0/702469d9c80fc80e2b81dd10407cc946771dcf355d56048e1dab43e40d144395c14a6ecde92e03c70a35249ad6634ef4605bd17ad6974a2b4e04f9efccf24414
  languageName: node
  linkType: hard

"@shikijs/engine-javascript@npm:3.4.2":
  version: 3.4.2
  resolution: "@shikijs/engine-javascript@npm:3.4.2"
  dependencies:
    "@shikijs/types": "npm:3.4.2"
    "@shikijs/vscode-textmate": "npm:^10.0.2"
    oniguruma-to-es: "npm:^4.3.3"
  checksum: 10c0/160056a6303978d4e40114fe0414acd5089ea39a55a3144b9cba5e50aa38c521948ee47a2edc5acda5fd3607e33b20539845cfd9ca3508163e989b8fb4220488
  languageName: node
  linkType: hard

"@shikijs/engine-oniguruma@npm:3.4.2":
  version: 3.4.2
  resolution: "@shikijs/engine-oniguruma@npm:3.4.2"
  dependencies:
    "@shikijs/types": "npm:3.4.2"
    "@shikijs/vscode-textmate": "npm:^10.0.2"
  checksum: 10c0/b8a13123b8a41e1016b661c24b349163b5026841772c351aacddcdc724518a926a49065ac77e4a1d4bb94da12c6bf11e6b1c938ef881545064bb3b484223eba0
  languageName: node
  linkType: hard

"@shikijs/langs@npm:3.4.2":
  version: 3.4.2
  resolution: "@shikijs/langs@npm:3.4.2"
  dependencies:
    "@shikijs/types": "npm:3.4.2"
  checksum: 10c0/ca0260b00e32385db8db43d8dd147f480bc2ff699acaf6052ec3e421b1c6d27df6dfb0f69fadb673ef357333ba65fdce2fbcd8c31c7d245439756bfb3530eba4
  languageName: node
  linkType: hard

"@shikijs/themes@npm:3.4.2":
  version: 3.4.2
  resolution: "@shikijs/themes@npm:3.4.2"
  dependencies:
    "@shikijs/types": "npm:3.4.2"
  checksum: 10c0/d50bca4384ccf88d68f007869e13bc7a9b55b16c40a3269fe120b2e5a2e882f6206ee0325f619bfa31ff00a0341452840d38f4ca2296dd3ba3e200e53445e22b
  languageName: node
  linkType: hard

"@shikijs/types@npm:3.4.2":
  version: 3.4.2
  resolution: "@shikijs/types@npm:3.4.2"
  dependencies:
    "@shikijs/vscode-textmate": "npm:^10.0.2"
    "@types/hast": "npm:^3.0.4"
  checksum: 10c0/a20d3535cc0d61a55d0c0d4dfcd33a52229ec8a4c650613cb0f424dcb499bcdf0230e007f70a18e12c102a04820557ff120f41f18b15a94f95f9ec343592906b
  languageName: node
  linkType: hard

"@shikijs/vscode-textmate@npm:10.0.2, @shikijs/vscode-textmate@npm:^10.0.2":
  version: 10.0.2
  resolution: "@shikijs/vscode-textmate@npm:10.0.2"
  checksum: 10c0/36b682d691088ec244de292dc8f91b808f95c89466af421cf84cbab92230f03c8348649c14b3251991b10ce632b0c715e416e992dd5f28ff3221dc2693fd9462
  languageName: node
  linkType: hard

"@tsconfig/node24@npm:24.0.0":
  version: 24.0.0
  resolution: "@tsconfig/node24@npm:24.0.0"
  checksum: 10c0/50f93181a84aab782a56a5fed6ca90c6b19ab94b91a33c8921f2b2e6f561d26f13c36af302402e8320d615a325dee5dbf57f5f5d4853d1aee54c6afc542f6131
  languageName: node
  linkType: hard

"@types/hast@npm:^3.0.0, @types/hast@npm:^3.0.4":
  version: 3.0.4
  resolution: "@types/hast@npm:3.0.4"
  dependencies:
    "@types/unist": "npm:*"
  checksum: 10c0/3249781a511b38f1d330fd1e3344eed3c4e7ea8eff82e835d35da78e637480d36fad37a78be5a7aed8465d237ad0446abc1150859d0fde395354ea634decf9f7
  languageName: node
  linkType: hard

"@types/mdast@npm:^4.0.0":
  version: 4.0.4
  resolution: "@types/mdast@npm:4.0.4"
  dependencies:
    "@types/unist": "npm:*"
  checksum: 10c0/84f403dbe582ee508fd9c7643ac781ad8597fcbfc9ccb8d4715a2c92e4545e5772cbd0dbdf18eda65789386d81b009967fdef01b24faf6640f817287f54d9c82
  languageName: node
  linkType: hard

"@types/node@npm:*":
  version: 20.8.9
  resolution: "@types/node@npm:20.8.9"
  dependencies:
    undici-types: "npm:~5.26.4"
  checksum: 10c0/6fb5604ac087c8be9aeb9ee1413fae2e691c603c9a691bd722e113597b883f21e8380a44d114ab894b435a491bfc939c8478cd57bcf890c585b961343b124964
  languageName: node
  linkType: hard

"@types/node@npm:22.15.21":
  version: 22.15.21
  resolution: "@types/node@npm:22.15.21"
  dependencies:
    undici-types: "npm:~6.21.0"
  checksum: 10c0/f092bbccda2131c2b2c8f720338080aa0ef1d928f5f1062c03954a4f7dafa7ee3ed29bc3e51bd4e2584473b3d943c637a2b39ad7174898970818270187cf10c1
  languageName: node
  linkType: hard

"@types/plist@npm:3.0.4":
  version: 3.0.4
  resolution: "@types/plist@npm:3.0.4"
  dependencies:
    "@types/node": "npm:*"
    xmlbuilder: "npm:>=11.0.1"
  checksum: 10c0/21f3f45e63a785e0acf55cc6a071936e5ad2dfbef67c9441de1e3a81e686d00b96934a5794822a3ff4d560bc781a455f0e88a3157bc8763cd6068e0614ef8bdc
  languageName: node
  linkType: hard

"@types/unist@npm:*, @types/unist@npm:^3.0.0":
  version: 3.0.3
  resolution: "@types/unist@npm:3.0.3"
  checksum: 10c0/2b1e4adcab78388e088fcc3c0ae8700f76619dbcb4741d7d201f87e2cb346bfc29a89003cfea2d76c996e1061452e14fcd737e8b25aacf949c1f2d6b2bc3dd60
  languageName: node
  linkType: hard

"@ungap/structured-clone@npm:^1.0.0":
  version: 1.3.0
  resolution: "@ungap/structured-clone@npm:1.3.0"
  checksum: 10c0/0fc3097c2540ada1fc340ee56d58d96b5b536a2a0dab6e3ec17d4bfc8c4c86db345f61a375a8185f9da96f01c69678f836a2b57eeaa9e4b8eeafd26428e57b0a
  languageName: node
  linkType: hard

"@xmldom/xmldom@npm:^0.8.8":
  version: 0.8.10
  resolution: "@xmldom/xmldom@npm:0.8.10"
  checksum: 10c0/c7647c442502720182b0d65b17d45d2d95317c1c8c497626fe524bda79b4fb768a9aa4fae2da919f308e7abcff7d67c058b102a9d641097e9a57f0b80187851f
  languageName: node
  linkType: hard

"base64-js@npm:^1.5.1":
  version: 1.5.1
  resolution: "base64-js@npm:1.5.1"
  checksum: 10c0/f23823513b63173a001030fae4f2dabe283b99a9d324ade3ad3d148e218134676f1ee8568c877cd79ec1c53158dcf2d2ba527a97c606618928ba99dd930102bf
  languageName: node
  linkType: hard

"ccount@npm:^2.0.0":
  version: 2.0.1
  resolution: "ccount@npm:2.0.1"
  checksum: 10c0/3939b1664390174484322bc3f45b798462e6c07ee6384cb3d645e0aa2f318502d174845198c1561930e1d431087f74cf1fe291ae9a4722821a9f4ba67e574350
  languageName: node
  linkType: hard

"character-entities-html4@npm:^2.0.0":
  version: 2.1.0
  resolution: "character-entities-html4@npm:2.1.0"
  checksum: 10c0/fe61b553f083400c20c0b0fd65095df30a0b445d960f3bbf271536ae6c3ba676f39cb7af0b4bf2755812f08ab9b88f2feed68f9aebb73bb153f7a115fe5c6e40
  languageName: node
  linkType: hard

"character-entities-legacy@npm:^3.0.0":
  version: 3.0.0
  resolution: "character-entities-legacy@npm:3.0.0"
  checksum: 10c0/ec4b430af873661aa754a896a2b55af089b4e938d3d010fad5219299a6b6d32ab175142699ee250640678cd64bdecd6db3c9af0b8759ab7b155d970d84c4c7d1
  languageName: node
  linkType: hard

"comma-separated-tokens@npm:^2.0.0":
  version: 2.0.3
  resolution: "comma-separated-tokens@npm:2.0.3"
  checksum: 10c0/91f90f1aae320f1755d6957ef0b864fe4f54737f3313bd95e0802686ee2ca38bff1dd381964d00ae5db42912dd1f4ae5c2709644e82706ffc6f6842a813cdd67
  languageName: node
  linkType: hard

"commander@npm:11.1.0":
  version: 11.1.0
  resolution: "commander@npm:11.1.0"
  checksum: 10c0/13cc6ac875e48780250f723fb81c1c1178d35c5decb1abb1b628b3177af08a8554e76b2c0f29de72d69eef7c864d12613272a71fabef8047922bc622ab75a179
  languageName: node
  linkType: hard

"dequal@npm:^2.0.0":
  version: 2.0.3
  resolution: "dequal@npm:2.0.3"
  checksum: 10c0/f98860cdf58b64991ae10205137c0e97d384c3a4edc7f807603887b7c4b850af1224a33d88012009f150861cbee4fa2d322c4cc04b9313bee312e47f6ecaa888
  languageName: node
  linkType: hard

"devlop@npm:^1.0.0":
  version: 1.1.0
  resolution: "devlop@npm:1.1.0"
  dependencies:
    dequal: "npm:^2.0.0"
  checksum: 10c0/e0928ab8f94c59417a2b8389c45c55ce0a02d9ac7fd74ef62d01ba48060129e1d594501b77de01f3eeafc7cb00773819b0df74d96251cf20b31c5b3071f45c0e
  languageName: node
  linkType: hard

"error-stack-parser@npm:^2.1.4":
  version: 2.1.4
  resolution: "error-stack-parser@npm:2.1.4"
  dependencies:
    stackframe: "npm:^1.3.4"
  checksum: 10c0/7679b780043c98b01fc546725484e0cfd3071bf5c906bbe358722972f04abf4fc3f0a77988017665bab367f6ef3fc2d0185f7528f45966b83e7c99c02d5509b9
  languageName: node
  linkType: hard

"escape-string-regexp@npm:^2.0.0":
  version: 2.0.0
  resolution: "escape-string-regexp@npm:2.0.0"
  checksum: 10c0/2530479fe8db57eace5e8646c9c2a9c80fa279614986d16dcc6bcaceb63ae77f05a851ba6c43756d816c61d7f4534baf56e3c705e3e0d884818a46808811c507
  languageName: node
  linkType: hard

"hast-util-to-html@npm:^9.0.5":
  version: 9.0.5
  resolution: "hast-util-to-html@npm:9.0.5"
  dependencies:
    "@types/hast": "npm:^3.0.0"
    "@types/unist": "npm:^3.0.0"
    ccount: "npm:^2.0.0"
    comma-separated-tokens: "npm:^2.0.0"
    hast-util-whitespace: "npm:^3.0.0"
    html-void-elements: "npm:^3.0.0"
    mdast-util-to-hast: "npm:^13.0.0"
    property-information: "npm:^7.0.0"
    space-separated-tokens: "npm:^2.0.0"
    stringify-entities: "npm:^4.0.0"
    zwitch: "npm:^2.0.4"
  checksum: 10c0/b7a08c30bab4371fc9b4a620965c40b270e5ae7a8e94cf885f43b21705179e28c8e43b39c72885d1647965fb3738654e6962eb8b58b0c2a84271655b4d748836
  languageName: node
  linkType: hard

"hast-util-whitespace@npm:^3.0.0":
  version: 3.0.0
  resolution: "hast-util-whitespace@npm:3.0.0"
  dependencies:
    "@types/hast": "npm:^3.0.0"
  checksum: 10c0/b898bc9fe27884b272580d15260b6bbdabe239973a147e97fa98c45fa0ffec967a481aaa42291ec34fb56530dc2d484d473d7e2bae79f39c83f3762307edfea8
  languageName: node
  linkType: hard

"html-void-elements@npm:^3.0.0":
  version: 3.0.0
  resolution: "html-void-elements@npm:3.0.0"
  checksum: 10c0/a8b9ec5db23b7c8053876dad73a0336183e6162bf6d2677376d8b38d654fdc59ba74fdd12f8812688f7db6fad451210c91b300e472afc0909224e0a44c8610d2
  languageName: node
  linkType: hard

"mdast-util-to-hast@npm:^13.0.0":
  version: 13.2.0
  resolution: "mdast-util-to-hast@npm:13.2.0"
  dependencies:
    "@types/hast": "npm:^3.0.0"
    "@types/mdast": "npm:^4.0.0"
    "@ungap/structured-clone": "npm:^1.0.0"
    devlop: "npm:^1.0.0"
    micromark-util-sanitize-uri: "npm:^2.0.0"
    trim-lines: "npm:^3.0.0"
    unist-util-position: "npm:^5.0.0"
    unist-util-visit: "npm:^5.0.0"
    vfile: "npm:^6.0.0"
  checksum: 10c0/9ee58def9287df8350cbb6f83ced90f9c088d72d4153780ad37854f87144cadc6f27b20347073b285173b1649b0723ddf0b9c78158608a804dcacb6bda6e1816
  languageName: node
  linkType: hard

"micromark-util-character@npm:^2.0.0":
  version: 2.1.1
  resolution: "micromark-util-character@npm:2.1.1"
  dependencies:
    micromark-util-symbol: "npm:^2.0.0"
    micromark-util-types: "npm:^2.0.0"
  checksum: 10c0/d3fe7a5e2c4060fc2a076f9ce699c82a2e87190a3946e1e5eea77f563869b504961f5668d9c9c014724db28ac32fa909070ea8b30c3a39bd0483cc6c04cc76a1
  languageName: node
  linkType: hard

"micromark-util-encode@npm:^2.0.0":
  version: 2.0.1
  resolution: "micromark-util-encode@npm:2.0.1"
  checksum: 10c0/b2b29f901093845da8a1bf997ea8b7f5e061ffdba85070dfe14b0197c48fda64ffcf82bfe53c90cf9dc185e69eef8c5d41cae3ba918b96bc279326921b59008a
  languageName: node
  linkType: hard

"micromark-util-sanitize-uri@npm:^2.0.0":
  version: 2.0.1
  resolution: "micromark-util-sanitize-uri@npm:2.0.1"
  dependencies:
    micromark-util-character: "npm:^2.0.0"
    micromark-util-encode: "npm:^2.0.0"
    micromark-util-symbol: "npm:^2.0.0"
  checksum: 10c0/60e92166e1870fd4f1961468c2651013ff760617342918e0e0c3c4e872433aa2e60c1e5a672bfe5d89dc98f742d6b33897585cf86ae002cda23e905a3c02527c
  languageName: node
  linkType: hard

"micromark-util-symbol@npm:^2.0.0":
  version: 2.0.1
  resolution: "micromark-util-symbol@npm:2.0.1"
  checksum: 10c0/f2d1b207771e573232436618e78c5e46cd4b5c560dd4a6d63863d58018abbf49cb96ec69f7007471e51434c60de3c9268ef2bf46852f26ff4aacd10f9da16fe9
  languageName: node
  linkType: hard

"micromark-util-types@npm:^2.0.0":
  version: 2.0.2
  resolution: "micromark-util-types@npm:2.0.2"
  checksum: 10c0/c8c15b96c858db781c4393f55feec10004bf7df95487636c9a9f7209e51002a5cca6a047c5d2a5dc669ff92da20e57aaa881e81a268d9ccadb647f9dce305298
  languageName: node
  linkType: hard

"node-test-github-reporter@npm:1.3.0":
  version: 1.3.0
  resolution: "node-test-github-reporter@npm:1.3.0"
  dependencies:
    "@actions/core": "npm:^1.10.0"
    error-stack-parser: "npm:^2.1.4"
    node-test-parser: "npm:^3.0.0"
    stack-utils: "npm:^2.0.6"
  checksum: 10c0/3b02501d9652d5e90c03060d11fbf94da6c593282cda00d65f8b854bc8899b0082f3f4a5c0e0fbd3cb82196c9de9e5bcf3c60c23b1bbe16a557d02ab0d9be3eb
  languageName: node
  linkType: hard

"node-test-github-reporter@patch:node-test-github-reporter@npm%3A1.3.0#~/.yarn/patches/node-test-github-reporter.patch":
  version: 1.3.0
  resolution: "node-test-github-reporter@patch:node-test-github-reporter@npm%3A1.3.0#~/.yarn/patches/node-test-github-reporter.patch::version=1.3.0&hash=969022"
  dependencies:
    "@actions/core": "npm:^1.10.0"
    error-stack-parser: "npm:^2.1.4"
    node-test-parser: "npm:^3.0.0"
    stack-utils: "npm:^2.0.6"
  checksum: 10c0/ed02041a2e913555cbdffc971645da622ff0c26f7a6adccffa441c03e60d87a5c27a856e9aa99f44bf55faed3b65afe2ae512f11c8ffe97ffb55f42756f03b4c
  languageName: node
  linkType: hard

"node-test-parser@npm:^3.0.0":
  version: 3.0.0
  resolution: "node-test-parser@npm:3.0.0"
  checksum: 10c0/c9e1f9e2e38e2bd13395d18149c9e47ffa0d2aeff134b670cfa5c8ade059db5d0e7be3dbac60989340b9c47181218e970fabcc4357f00f3db2222a65cd51df9d
  languageName: node
  linkType: hard

"oniguruma-parser@npm:^0.12.1":
  version: 0.12.1
  resolution: "oniguruma-parser@npm:0.12.1"
  checksum: 10c0/b843ea54cda833efb19f856314afcbd43e903ece3de489ab78c527ddec84859208052557daa9fad4bdba89ebdd15b0cc250de86b3daf8c7cbe37bac5a6a185d3
  languageName: node
  linkType: hard

"oniguruma-to-es@npm:^4.3.3":
  version: 4.3.3
  resolution: "oniguruma-to-es@npm:4.3.3"
  dependencies:
    oniguruma-parser: "npm:^0.12.1"
    regex: "npm:^6.0.1"
    regex-recursion: "npm:^6.0.2"
  checksum: 10c0/bc034e84dfee4dbc061cf6364023e66e1667fb8dc3afcad3b7d6a2c77e2d4a4809396ee2fb8c1fd3d6f00f76f7ca14b773586bf862c5f0c0074c059e2a219252
  languageName: node
  linkType: hard

"plist@npm:3.1.0":
  version: 3.1.0
  resolution: "plist@npm:3.1.0"
  dependencies:
    "@xmldom/xmldom": "npm:^0.8.8"
    base64-js: "npm:^1.5.1"
    xmlbuilder: "npm:^15.1.1"
  checksum: 10c0/db19ba50faafc4103df8e79bcd6b08004a56db2a9dd30b3e5c8b0ef30398ef44344a674e594d012c8fc39e539a2b72cb58c60a76b4b4401cbbc7c8f6b028d93d
  languageName: node
  linkType: hard

"prettier@npm:3.5.3":
  version: 3.5.3
  resolution: "prettier@npm:3.5.3"
  bin:
    prettier: bin/prettier.cjs
  checksum: 10c0/3880cb90b9dc0635819ab52ff571518c35bd7f15a6e80a2054c05dbc8a3aa6e74f135519e91197de63705bcb38388ded7e7230e2178432a1468005406238b877
  languageName: node
  linkType: hard

"property-information@npm:^7.0.0":
  version: 7.1.0
  resolution: "property-information@npm:7.1.0"
  checksum: 10c0/e0fe22cff26103260ad0e82959229106563fa115a54c4d6c183f49d88054e489cc9f23452d3ad584179dc13a8b7b37411a5df873746b5e4086c865874bfa968e
  languageName: node
  linkType: hard

"regex-recursion@npm:^6.0.2":
  version: 6.0.2
  resolution: "regex-recursion@npm:6.0.2"
  dependencies:
    regex-utilities: "npm:^2.3.0"
  checksum: 10c0/68e8b6889680e904b75d7f26edaf70a1a4dc1087406bff53face4c2929d918fd77c72223843fe816ac8ed9964f96b4160650e8d5909e26a998c6e9de324dadb1
  languageName: node
  linkType: hard

"regex-utilities@npm:^2.3.0":
  version: 2.3.0
  resolution: "regex-utilities@npm:2.3.0"
  checksum: 10c0/78c550a80a0af75223244fff006743922591bd8f61d91fef7c86b9b56cf9bbf8ee5d7adb6d8991b5e304c57c90103fc4818cf1e357b11c6c669b782839bd7893
  languageName: node
  linkType: hard

"regex@npm:^6.0.1":
  version: 6.0.1
  resolution: "regex@npm:6.0.1"
  dependencies:
    regex-utilities: "npm:^2.3.0"
  checksum: 10c0/687b3e063d4ca19b0de7c55c24353f868a0fb9ba21512692470d2fb412e3a410894dd5924c91ea49d8cb8fa865e36ec956e52436ae0a256bdc095ff136c30aba
  languageName: node
  linkType: hard

"shiki@npm:3.4.2":
  version: 3.4.2
  resolution: "shiki@npm:3.4.2"
  dependencies:
    "@shikijs/core": "npm:3.4.2"
    "@shikijs/engine-javascript": "npm:3.4.2"
    "@shikijs/engine-oniguruma": "npm:3.4.2"
    "@shikijs/langs": "npm:3.4.2"
    "@shikijs/themes": "npm:3.4.2"
    "@shikijs/types": "npm:3.4.2"
    "@shikijs/vscode-textmate": "npm:^10.0.2"
    "@types/hast": "npm:^3.0.4"
  checksum: 10c0/3cae825d8c341d7334e541efad30125fac0064db6004359e661a594782d59f93f66f2dcb5dbc1d8cb6508c43ccdd03ed6cf1d22306b382bc1f395a6130e5cbbb
  languageName: node
  linkType: hard

"space-separated-tokens@npm:^2.0.0":
  version: 2.0.2
  resolution: "space-separated-tokens@npm:2.0.2"
  checksum: 10c0/6173e1d903dca41dcab6a2deed8b4caf61bd13b6d7af8374713500570aa929ff9414ae09a0519f4f8772df993300305a395d4871f35bc4ca72b6db57e1f30af8
  languageName: node
  linkType: hard

"stack-utils@npm:^2.0.6":
  version: 2.0.6
  resolution: "stack-utils@npm:2.0.6"
  dependencies:
    escape-string-regexp: "npm:^2.0.0"
  checksum: 10c0/651c9f87667e077584bbe848acaecc6049bc71979f1e9a46c7b920cad4431c388df0f51b8ad7cfd6eed3db97a2878d0fc8b3122979439ea8bac29c61c95eec8a
  languageName: node
  linkType: hard

"stackframe@npm:^1.3.4":
  version: 1.3.4
  resolution: "stackframe@npm:1.3.4"
  checksum: 10c0/18410f7a1e0c5d211a4effa83bdbf24adbe8faa8c34db52e1cd3e89837518c592be60b60d8b7270ac53eeeb8b807cd11b399a41667f6c9abb41059c3ccc8a989
  languageName: node
  linkType: hard

"stringify-entities@npm:^4.0.0":
  version: 4.0.4
  resolution: "stringify-entities@npm:4.0.4"
  dependencies:
    character-entities-html4: "npm:^2.0.0"
    character-entities-legacy: "npm:^3.0.0"
  checksum: 10c0/537c7e656354192406bdd08157d759cd615724e9d0873602d2c9b2f6a5c0a8d0b1d73a0a08677848105c5eebac6db037b57c0b3a4ec86331117fa7319ed50448
  languageName: node
  linkType: hard

"swift-tmlanguage@workspace:.":
  version: 0.0.0-use.local
  resolution: "swift-tmlanguage@workspace:."
  dependencies:
    "@shikijs/vscode-textmate": "npm:10.0.2"
    "@tsconfig/node24": "npm:24.0.0"
    "@types/node": "npm:22.15.21"
    "@types/plist": "npm:3.0.4"
    commander: "npm:11.1.0"
    node-test-github-reporter: "patch:node-test-github-reporter@npm%3A1.3.0#~/.yarn/patches/node-test-github-reporter.patch"
    plist: "npm:3.1.0"
    prettier: "npm:3.5.3"
    shiki: "npm:3.4.2"
    typescript: "npm:5.8.3"
    yaml: "npm:2.3.3"
  languageName: unknown
  linkType: soft

"trim-lines@npm:^3.0.0":
  version: 3.0.1
  resolution: "trim-lines@npm:3.0.1"
  checksum: 10c0/3a1611fa9e52aa56a94c69951a9ea15b8aaad760eaa26c56a65330dc8adf99cb282fc07cc9d94968b7d4d88003beba220a7278bbe2063328eb23fb56f9509e94
  languageName: node
  linkType: hard

"tunnel@npm:^0.0.6":
  version: 0.0.6
  resolution: "tunnel@npm:0.0.6"
  checksum: 10c0/e27e7e896f2426c1c747325b5f54efebc1a004647d853fad892b46d64e37591ccd0b97439470795e5262b5c0748d22beb4489a04a0a448029636670bfd801b75
  languageName: node
  linkType: hard

"typescript@npm:5.8.3":
  version: 5.8.3
  resolution: "typescript@npm:5.8.3"
  bin:
    tsc: bin/tsc
    tsserver: bin/tsserver
  checksum: 10c0/5f8bb01196e542e64d44db3d16ee0e4063ce4f3e3966df6005f2588e86d91c03e1fb131c2581baf0fb65ee79669eea6e161cd448178986587e9f6844446dbb48
  languageName: node
  linkType: hard

"typescript@patch:typescript@npm%3A5.8.3#optional!builtin<compat/typescript>":
  version: 5.8.3
  resolution: "typescript@patch:typescript@npm%3A5.8.3#optional!builtin<compat/typescript>::version=5.8.3&hash=5786d5"
  bin:
    tsc: bin/tsc
    tsserver: bin/tsserver
  checksum: 10c0/39117e346ff8ebd87ae1510b3a77d5d92dae5a89bde588c747d25da5c146603a99c8ee588c7ef80faaf123d89ed46f6dbd918d534d641083177d5fac38b8a1cb
  languageName: node
  linkType: hard

"undici-types@npm:~5.26.4":
  version: 5.26.5
  resolution: "undici-types@npm:5.26.5"
  checksum: 10c0/bb673d7876c2d411b6eb6c560e0c571eef4a01c1c19925175d16e3a30c4c428181fb8d7ae802a261f283e4166a0ac435e2f505743aa9e45d893f9a3df017b501
  languageName: node
  linkType: hard

"undici-types@npm:~6.21.0":
  version: 6.21.0
  resolution: "undici-types@npm:6.21.0"
  checksum: 10c0/c01ed51829b10aa72fc3ce64b747f8e74ae9b60eafa19a7b46ef624403508a54c526ffab06a14a26b3120d055e1104d7abe7c9017e83ced038ea5cf52f8d5e04
  languageName: node
  linkType: hard

"undici@npm:^5.25.4":
  version: 5.29.0
  resolution: "undici@npm:5.29.0"
  dependencies:
    "@fastify/busboy": "npm:^2.0.0"
  checksum: 10c0/e4e4d631ca54ee0ad82d2e90e7798fa00a106e27e6c880687e445cc2f13b4bc87c5eba2a88c266c3eecffb18f26e227b778412da74a23acc374fca7caccec49b
  languageName: node
  linkType: hard

"unist-util-is@npm:^6.0.0":
  version: 6.0.0
  resolution: "unist-util-is@npm:6.0.0"
  dependencies:
    "@types/unist": "npm:^3.0.0"
  checksum: 10c0/9419352181eaa1da35eca9490634a6df70d2217815bb5938a04af3a662c12c5607a2f1014197ec9c426fbef18834f6371bfdb6f033040fa8aa3e965300d70e7e
  languageName: node
  linkType: hard

"unist-util-position@npm:^5.0.0":
  version: 5.0.0
  resolution: "unist-util-position@npm:5.0.0"
  dependencies:
    "@types/unist": "npm:^3.0.0"
  checksum: 10c0/dde3b31e314c98f12b4dc6402f9722b2bf35e96a4f2d463233dd90d7cde2d4928074a7a11eff0a5eb1f4e200f27fc1557e0a64a7e8e4da6558542f251b1b7400
  languageName: node
  linkType: hard

"unist-util-stringify-position@npm:^4.0.0":
  version: 4.0.0
  resolution: "unist-util-stringify-position@npm:4.0.0"
  dependencies:
    "@types/unist": "npm:^3.0.0"
  checksum: 10c0/dfe1dbe79ba31f589108cb35e523f14029b6675d741a79dea7e5f3d098785045d556d5650ec6a8338af11e9e78d2a30df12b1ee86529cded1098da3f17ee999e
  languageName: node
  linkType: hard

"unist-util-visit-parents@npm:^6.0.0":
  version: 6.0.1
  resolution: "unist-util-visit-parents@npm:6.0.1"
  dependencies:
    "@types/unist": "npm:^3.0.0"
    unist-util-is: "npm:^6.0.0"
  checksum: 10c0/51b1a5b0aa23c97d3e03e7288f0cdf136974df2217d0999d3de573c05001ef04cccd246f51d2ebdfb9e8b0ed2704451ad90ba85ae3f3177cf9772cef67f56206
  languageName: node
  linkType: hard

"unist-util-visit@npm:^5.0.0":
  version: 5.0.0
  resolution: "unist-util-visit@npm:5.0.0"
  dependencies:
    "@types/unist": "npm:^3.0.0"
    unist-util-is: "npm:^6.0.0"
    unist-util-visit-parents: "npm:^6.0.0"
  checksum: 10c0/51434a1d80252c1540cce6271a90fd1a106dbe624997c09ed8879279667fb0b2d3a685e02e92bf66598dcbe6cdffa7a5f5fb363af8fdf90dda6c855449ae39a5
  languageName: node
  linkType: hard

"vfile-message@npm:^4.0.0":
  version: 4.0.2
  resolution: "vfile-message@npm:4.0.2"
  dependencies:
    "@types/unist": "npm:^3.0.0"
    unist-util-stringify-position: "npm:^4.0.0"
  checksum: 10c0/07671d239a075f888b78f318bc1d54de02799db4e9dce322474e67c35d75ac4a5ac0aaf37b18801d91c9f8152974ea39678aa72d7198758b07f3ba04fb7d7514
  languageName: node
  linkType: hard

"vfile@npm:^6.0.0":
  version: 6.0.3
  resolution: "vfile@npm:6.0.3"
  dependencies:
    "@types/unist": "npm:^3.0.0"
    vfile-message: "npm:^4.0.0"
  checksum: 10c0/e5d9eb4810623f23758cfc2205323e33552fb5972e5c2e6587babe08fe4d24859866277404fb9e2a20afb71013860d96ec806cb257536ae463c87d70022ab9ef
  languageName: node
  linkType: hard

"xmlbuilder@npm:>=11.0.1, xmlbuilder@npm:^15.1.1":
  version: 15.1.1
  resolution: "xmlbuilder@npm:15.1.1"
  checksum: 10c0/665266a8916498ff8d82b3d46d3993913477a254b98149ff7cff060d9b7cc0db7cf5a3dae99aed92355254a808c0e2e3ec74ad1b04aa1061bdb8dfbea26c18b8
  languageName: node
  linkType: hard

"yaml@npm:2.3.3":
  version: 2.3.3
  resolution: "yaml@npm:2.3.3"
  checksum: 10c0/a0c56bf682159b0567e9cbbddf23efc2f6806f6450716d9be6ec5eb1af1b941e95c8d3dc9c47da20d1b6883a9d6c61e31cf98bb4b77ebca4396bf772657f2f00
  languageName: node
  linkType: hard

"zwitch@npm:^2.0.4":
  version: 2.0.4
  resolution: "zwitch@npm:2.0.4"
  checksum: 10c0/3c7830cdd3378667e058ffdb4cf2bb78ac5711214e2725900873accb23f3dfe5f9e7e5a06dcdc5f29605da976fc45c26d9a13ca334d6eea2245a15e77b8fc06e
  languageName: node
  linkType: hard
